
Microsoft Visual Studio Solution File, Format Version 12.00
# Visual Studio 2012
Project("{FAE04EC0-301F-11D3-BF4B-00C04F79EFBC}") = "Tinder", "Tinder\Tinder.csproj", "{038A47B0-0429-4AD1-A389-1C70DF2C2C0E}"
EndProject
Project("{FAE04EC0-301F-11D3-BF4B-00C04F79EFBC}") = "Tinder.Test", "Tinder.Test\Tinder.Test.csproj", "{3E9BDA22-604B-4F18-AE15-2718695BDF78}"
EndProject
Global
	GlobalSection(SolutionConfigurationPlatforms) = preSolution
		Debug|Any CPU = Debug|Any CPU
		Release|Any CPU = Release|Any CPU
	EndGlobalSection
	GlobalSection(ProjectConfigurationPlatforms) = postSolution
		{038A47B0-0429-4AD1-A389-1C70DF2C2C0E}.Debug|Any CPU.ActiveCfg = Debug|Any CPU
		{038A47B0-0429-4AD1-A389-1C70DF2C2C0E}.Debug|Any CPU.Build.0 = Debug|Any CPU
		{038A47B0-0429-4AD1-A389-1C70DF2C2C0E}.Release|Any CPU.ActiveCfg = Release|Any CPU
		{038A47B0-0429-4AD1-A389-1C70DF2C2C0E}.Release|Any CPU.Build.0 = Release|Any CPU
		{3E9BDA22-604B-4F18-AE15-2718695BDF78}.Debug|Any CPU.ActiveCfg = Debug|Any CPU
		{3E9BDA22-604B-4F18-AE15-2718695BDF78}.Debug|Any CPU.Build.0 = Debug|Any CPU
		{3E9BDA22-604B-4F18-AE15-2718695BDF78}.Release|Any CPU.ActiveCfg = Release|Any CPU
		{3E9BDA22-604B-4F18-AE15-2718695BDF78}.Release|Any CPU.Build.0 = Release|Any CPU
	EndGlobalSection
EndGlobal
